// !$*UTF8*$!
{
	archiveVersion = 1;
	classes = {
	};
	objectVersion = 50;
	objects = {

/* Begin PBXBuildFile section */
		77060CBF2594DF7C00C97BC6 /* KeyDataManager.swift in Sources */ = {isa = PBXBuildFile; fileRef = 77060CBE2594DF7C00C97BC6 /* KeyDataManager.swift */; };
		77347F8125B81FCA006EF40E /* SentenceManager.swift in Sources */ = {isa = PBXBuildFile; fileRef = 77347F8025B81FCA006EF40E /* SentenceManager.swift */; };
		77347F8625B83237006EF40E /* KeyView.swift in Sources */ = {isa = PBXBuildFile; fileRef = 77347F8525B83237006EF40E /* KeyView.swift */; };
		7741F3D6258E03AB001D7A6E /* AppDelegate.swift in Sources */ = {isa = PBXBuildFile; fileRef = 7741F3D5258E03AB001D7A6E /* AppDelegate.swift */; };
		7741F3D8258E03AB001D7A6E /* ViewController.swift in Sources */ = {isa = PBXBuildFile; fileRef = 7741F3D7258E03AB001D7A6E /* ViewController.swift */; };
		7741F3DA258E03AC001D7A6E /* Assets.xcassets in Resources */ = {isa = PBXBuildFile; fileRef = 7741F3D9258E03AC001D7A6E /* Assets.xcassets */; };
		7741F3DD258E03AC001D7A6E /* Main.storyboard in Resources */ = {isa = PBXBuildFile; fileRef = 7741F3DB258E03AC001D7A6E /* Main.storyboard */; };
		7741F3E9258E03AC001D7A6E /* Kesikaran_TypistTests.swift in Sources */ = {isa = PBXBuildFile; fileRef = 7741F3E8258E03AC001D7A6E /* Kesikaran_TypistTests.swift */; };
		7741F3F4258E03AC001D7A6E /* Kesikaran_TypistUITests.swift in Sources */ = {isa = PBXBuildFile; fileRef = 7741F3F3258E03AC001D7A6E /* Kesikaran_TypistUITests.swift */; };
		7767A81E25BB13CA003A4A53 /* KeybordBackground.swift in Sources */ = {isa = PBXBuildFile; fileRef = 7767A81D25BB13CA003A4A53 /* KeybordBackground.swift */; };
		778231B725C6B62000FB4527 /* SampleSentence.txt in Resources */ = {isa = PBXBuildFile; fileRef = 778231B625C6B62000FB4527 /* SampleSentence.txt */; };
		77DD38DE258E367C0049F204 /* CustomView.swift in Sources */ = {isa = PBXBuildFile; fileRef = 77DD38DD258E367C0049F204 /* CustomView.swift */; };
		77DD38EA258E43B70049F204 /* keys.csv in Resources */ = {isa = PBXBuildFile; fileRef = 77DD38E8258E43B70049F204 /* keys.csv */; };
/* End PBXBuildFile section */

/* Begin PBXContainerItemProxy section */
		7741F3E5258E03AC001D7A6E /* PBXContainerItemProxy */ = {
			isa = PBXContainerItemProxy;
			containerPortal = 7741F3CA258E03AB001D7A6E /* Project object */;
			proxyType = 1;
			remoteGlobalIDString = 7741F3D1258E03AB001D7A6E;
			remoteInfo = Kesikaran_Typist;
		};
		7741F3F0258E03AC001D7A6E /* PBXContainerItemProxy */ = {
			isa = PBXContainerItemProxy;
			containerPortal = 7741F3CA258E03AB001D7A6E /* Project object */;
			proxyType = 1;
			remoteGlobalIDString = 7741F3D1258E03AB001D7A6E;
			remoteInfo = Kesikaran_Typist;
		};
/* End PBXContainerItemProxy section */

/* Begin PBXFileReference section */
		77060CBE2594DF7C00C97BC6 /* KeyDataManager.swift */ = {isa = PBXFileReference; lastKnownFileType = sourcecode.swift; path = KeyDataManager.swift; sourceTree = "<group>"; };
		77347F8025B81FCA006EF40E /* SentenceManager.swift */ = {isa = PBXFileReference; lastKnownFileType = sourcecode.swift; path = SentenceManager.swift; sourceTree = "<group>"; };
		77347F8525B83237006EF40E /* KeyView.swift */ = {isa = PBXFileReference; lastKnownFileType = sourcecode.swift; path = KeyView.swift; sourceTree = "<group>"; };
		7741F3D2258E03AB001D7A6E /* Kesikaran_Typist.app */ = {isa = PBXFileReference; explicitFileType = wrapper.application; includeInIndex = 0; path = Kesikaran_Typist.app; sourceTree = BUILT_PRODUCTS_DIR; };
		7741F3D5258E03AB001D7A6E /* AppDelegate.swift */ = {isa = PBXFileReference; lastKnownFileType = sourcecode.swift; path = AppDelegate.swift; sourceTree = "<group>"; };
		7741F3D7258E03AB001D7A6E /* ViewController.swift */ = {isa = PBXFileReference; lastKnownFileType = sourcecode.swift; path = ViewController.swift; sourceTree = "<group>"; };
		7741F3D9258E03AC001D7A6E /* Assets.xcassets */ = {isa = PBXFileReference; lastKnownFileType = folder.assetcatalog; path = Assets.xcassets; sourceTree = "<group>"; };
		7741F3DC258E03AC001D7A6E /* Base */ = {isa = PBXFileReference; lastKnownFileType = file.storyboard; name = Base; path = Base.lproj/Main.storyboard; sourceTree = "<group>"; };
		7741F3DE258E03AC001D7A6E /* Info.plist */ = {isa = PBXFileReference; lastKnownFileType = text.plist.xml; path = Info.plist; sourceTree = "<group>"; };
		7741F3DF258E03AC001D7A6E /* Kesikaran_Typist.entitlements */ = {isa = PBXFileReference; lastKnownFileType = text.plist.entitlements; path = Kesikaran_Typist.entitlements; sourceTree = "<group>"; };
		7741F3E4258E03AC001D7A6E /* Kesikaran_TypistTests.xctest */ = {isa = PBXFileReference; explicitFileType = wrapper.cfbundle; includeInIndex = 0; path = Kesikaran_TypistTests.xctest; sourceTree = BUILT_PRODUCTS_DIR; };
		7741F3E8258E03AC001D7A6E /* Kesikaran_TypistTests.swift */ = {isa = PBXFileReference; lastKnownFileType = sourcecode.swift; path = Kesikaran_TypistTests.swift; sourceTree = "<group>"; };
		7741F3EA258E03AC001D7A6E /* Info.plist */ = {isa = PBXFileReference; lastKnownFileType = text.plist.xml; path = Info.plist; sourceTree = "<group>"; };
		7741F3EF258E03AC001D7A6E /* Kesikaran_TypistUITests.xctest */ = {isa = PBXFileReference; explicitFileType = wrapper.cfbundle; includeInIndex = 0; path = Kesikaran_TypistUITests.xctest; sourceTree = BUILT_PRODUCTS_DIR; };
		7741F3F3258E03AC001D7A6E /* Kesikaran_TypistUITests.swift */ = {isa = PBXFileReference; lastKnownFileType = sourcecode.swift; path = Kesikaran_TypistUITests.swift; sourceTree = "<group>"; };
		7741F3F5258E03AC001D7A6E /* Info.plist */ = {isa = PBXFileReference; lastKnownFileType = text.plist.xml; path = Info.plist; sourceTree = "<group>"; };
		7767A81D25BB13CA003A4A53 /* KeybordBackground.swift */ = {isa = PBXFileReference; lastKnownFileType = sourcecode.swift; path = KeybordBackground.swift; sourceTree = "<group>"; };
		778231B625C6B62000FB4527 /* SampleSentence.txt */ = {isa = PBXFileReference; fileEncoding = 4; lastKnownFileType = text; path = SampleSentence.txt; sourceTree = "<group>"; };
		77DD38DD258E367C0049F204 /* CustomView.swift */ = {isa = PBXFileReference; lastKnownFileType = sourcecode.swift; path = CustomView.swift; sourceTree = "<group>"; };
		77DD38E8258E43B70049F204 /* keys.csv */ = {isa = PBXFileReference; fileEncoding = 4; lastKnownFileType = text; path = keys.csv; sourceTree = "<group>"; };
/* End PBXFileReference section */

/* Begin PBXFrameworksBuildPhase section */
		7741F3CF258E03AB001D7A6E /* Frameworks */ = {
			isa = PBXFrameworksBuildPhase;
			buildActionMask = 2147483647;
			files = (
			);
			runOnlyForDeploymentPostprocessing = 0;
		};
		7741F3E1258E03AC001D7A6E /* Frameworks */ = {
			isa = PBXFrameworksBuildPhase;
			buildActionMask = 2147483647;
			files = (
			);
			runOnlyForDeploymentPostprocessing = 0;
		};
		7741F3EC258E03AC001D7A6E /* Frameworks */ = {
			isa = PBXFrameworksBuildPhase;
			buildActionMask = 2147483647;
			files = (
			);
			runOnlyForDeploymentPostprocessing = 0;
		};
/* End PBXFrameworksBuildPhase section */

/* Begin PBXGroup section */
		7741F3C9258E03AB001D7A6E = {
			isa = PBXGroup;
			children = (
				7741F3D4258E03AB001D7A6E /* Kesikaran_Typist */,
				7741F3E7258E03AC001D7A6E /* Kesikaran_TypistTests */,
				7741F3F2258E03AC001D7A6E /* Kesikaran_TypistUITests */,
				7741F3D3258E03AB001D7A6E /* Products */,
			);
			sourceTree = "<group>";
		};
		7741F3D3258E03AB001D7A6E /* Products */ = {
			isa = PBXGroup;
			children = (
				7741F3D2258E03AB001D7A6E /* Kesikaran_Typist.app */,
				7741F3E4258E03AC001D7A6E /* Kesikaran_TypistTests.xctest */,
				7741F3EF258E03AC001D7A6E /* Kesikaran_TypistUITests.xctest */,
			);
			name = Products;
			sourceTree = "<group>";
		};
		7741F3D4258E03AB001D7A6E /* Kesikaran_Typist */ = {
			isa = PBXGroup;
			children = (
				7741F3D5258E03AB001D7A6E /* AppDelegate.swift */,
				7741F3D7258E03AB001D7A6E /* ViewController.swift */,
				77060CBE2594DF7C00C97BC6 /* KeyDataManager.swift */,
				77347F8025B81FCA006EF40E /* SentenceManager.swift */,
				77DD38E8258E43B70049F204 /* keys.csv */,
				778231B625C6B62000FB4527 /* SampleSentence.txt */,
				77DD38DD258E367C0049F204 /* CustomView.swift */,
				77347F8525B83237006EF40E /* KeyView.swift */,
				7741F3D9258E03AC001D7A6E /* Assets.xcassets */,
				7741F3DB258E03AC001D7A6E /* Main.storyboard */,
				7767A81D25BB13CA003A4A53 /* KeybordBackground.swift */,
				7741F3DE258E03AC001D7A6E /* Info.plist */,
				7741F3DF258E03AC001D7A6E /* Kesikaran_Typist.entitlements */,
			);
			path = Kesikaran_Typist;
			sourceTree = "<group>";
		};
		7741F3E7258E03AC001D7A6E /* Kesikaran_TypistTests */ = {
			isa = PBXGroup;
			children = (
				7741F3E8258E03AC001D7A6E /* Kesikaran_TypistTests.swift */,
				7741F3EA258E03AC001D7A6E /* Info.plist */,
			);
			path = Kesikaran_TypistTests;
			sourceTree = "<group>";
		};
		7741F3F2258E03AC001D7A6E /* Kesikaran_TypistUITests */ = {
			isa = PBXGroup;
			children = (
				7741F3F3258E03AC001D7A6E /* Kesikaran_TypistUITests.swift */,
				7741F3F5258E03AC001D7A6E /* Info.plist */,
			);
			path = Kesikaran_TypistUITests;
			sourceTree = "<group>";
		};
/* End PBXGroup section */

/* Begin PBXNativeTarget section */
		7741F3D1258E03AB001D7A6E /* Kesikaran_Typist */ = {
			isa = PBXNativeTarget;
			buildConfigurationList = 7741F3F8258E03AC001D7A6E /* Build configuration list for PBXNativeTarget "Kesikaran_Typist" */;
			buildPhases = (
				7741F3CE258E03AB001D7A6E /* Sources */,
				7741F3CF258E03AB001D7A6E /* Frameworks */,
				7741F3D0258E03AB001D7A6E /* Resources */,
			);
			buildRules = (
			);
			dependencies = (
			);
			name = Kesikaran_Typist;
			productName = Kesikaran_Typist;
			productReference = 7741F3D2258E03AB001D7A6E /* Kesikaran_Typist.app */;
			productType = "com.apple.product-type.application";
		};
		7741F3E3258E03AC001D7A6E /* Kesikaran_TypistTests */ = {
			isa = PBXNativeTarget;
			buildConfigurationList = 7741F3FB258E03AC001D7A6E /* Build configuration list for PBXNativeTarget "Kesikaran_TypistTests" */;
			buildPhases = (
				7741F3E0258E03AC001D7A6E /* Sources */,
				7741F3E1258E03AC001D7A6E /* Frameworks */,
				7741F3E2258E03AC001D7A6E /* Resources */,
			);
			buildRules = (
			);
			dependencies = (
				7741F3E6258E03AC001D7A6E /* PBXTargetDependency */,
			);
			name = Kesikaran_TypistTests;
			productName = Kesikaran_TypistTests;
			productReference = 7741F3E4258E03AC001D7A6E /* Kesikaran_TypistTests.xctest */;
			productType = "com.apple.product-type.bundle.unit-test";
		};
		7741F3EE258E03AC001D7A6E /* Kesikaran_TypistUITests */ = {
			isa = PBXNativeTarget;
			buildConfigurationList = 7741F3FE258E03AC001D7A6E /* Build configuration list for PBXNativeTarget "Kesikaran_TypistUITests" */;
			buildPhases = (
				7741F3EB258E03AC001D7A6E /* Sources */,
				7741F3EC258E03AC001D7A6E /* Frameworks */,
				7741F3ED258E03AC001D7A6E /* Resources */,
			);
			buildRules = (
			);
			dependencies = (
				7741F3F1258E03AC001D7A6E /* PBXTargetDependency */,
			);
			name = Kesikaran_TypistUITests;
			productName = Kesikaran_TypistUITests;
			productReference = 7741F3EF258E03AC001D7A6E /* Kesikaran_TypistUITests.xctest */;
			productType = "com.apple.product-type.bundle.ui-testing";
		};
/* End PBXNativeTarget section */

/* Begin PBXProject section */
		7741F3CA258E03AB001D7A6E /* Project object */ = {
			isa = PBXProject;
			attributes = {
				LastSwiftUpdateCheck = 1230;
				LastUpgradeCheck = 1240;
				TargetAttributes = {
					7741F3D1258E03AB001D7A6E = {
						CreatedOnToolsVersion = 12.3;
					};
					7741F3E3258E03AC001D7A6E = {
						CreatedOnToolsVersion = 12.3;
						TestTargetID = 7741F3D1258E03AB001D7A6E;
					};
					7741F3EE258E03AC001D7A6E = {
						CreatedOnToolsVersion = 12.3;
						TestTargetID = 7741F3D1258E03AB001D7A6E;
					};
				};
			};
			buildConfigurationList = 7741F3CD258E03AB001D7A6E /* Build configuration list for PBXProject "Kesikaran_Typist" */;
			compatibilityVersion = "Xcode 9.3";
			developmentRegion = en;
			hasScannedForEncodings = 0;
			knownRegions = (
				en,
				Base,
			);
			mainGroup = 7741F3C9258E03AB001D7A6E;
			productRefGroup = 7741F3D3258E03AB001D7A6E /* Products */;
			projectDirPath = "";
			projectRoot = "";
			targets = (
				7741F3D1258E03AB001D7A6E /* Kesikaran_Typist */,
				7741F3E3258E03AC001D7A6E /* Kesikaran_TypistTests */,
				7741F3EE258E03AC001D7A6E /* Kesikaran_TypistUITests */,
			);
		};
/* End PBXProject section */

/* Begin PBXResourcesBuildPhase section */
		7741F3D0258E03AB001D7A6E /* Resources */ = {
			isa = PBXResourcesBuildPhase;
			buildActionMask = 2147483647;
			files = (
				7741F3DA258E03AC001D7A6E /* Assets.xcassets in Resources */,
				77DD38EA258E43B70049F204 /* keys.csv in Resources */,
				7741F3DD258E03AC001D7A6E /* Main.storyboard in Resources */,
				778231B725C6B62000FB4527 /* SampleSentence.txt in Resources */,
			);
			runOnlyForDeploymentPostprocessing = 0;
		};
		7741F3E2258E03AC001D7A6E /* Resources */ = {
			isa = PBXResourcesBuildPhase;
			buildActionMask = 2147483647;
			files = (
			);
			runOnlyForDeploymentPostprocessing = 0;
		};
		7741F3ED258E03AC001D7A6E /* Resources */ = {
			isa = PBXResourcesBuildPhase;
			buildActionMask = 2147483647;
			files = (
			);
			runOnlyForDeploymentPostprocessing = 0;
		};
/* End PBXResourcesBuildPhase section */

/* Begin PBXSourcesBuildPhase section */
		7741F3CE258E03AB001D7A6E /* Sources */ = {
			isa = PBXSourcesBuildPhase;
			buildActionMask = 2147483647;
			files = (
				77DD38DE258E367C0049F204 /* CustomView.swift in Sources */,
				77060CBF2594DF7C00C97BC6 /* KeyDataManager.swift in Sources */,
				7767A81E25BB13CA003A4A53 /* KeybordBackground.swift in Sources */,
				77347F8625B83237006EF40E /* KeyView.swift in Sources */,
				7741F3D8258E03AB001D7A6E /* ViewController.swift in Sources */,
				7741F3D6258E03AB001D7A6E /* AppDelegate.swift in Sources */,
				77347F8125B81FCA006EF40E /* SentenceManager.swift in Sources */,
			);
			runOnlyForDeploymentPostprocessing = 0;
		};
		7741F3E0258E03AC001D7A6E /* Sources */ = {
			isa = PBXSourcesBuildPhase;
			buildActionMask = 2147483647;
			files = (
				7741F3E9258E03AC001D7A6E /* Kesikaran_TypistTests.swift in Sources */,
			);
			runOnlyForDeploymentPostprocessing = 0;
		};
		7741F3EB258E03AC001D7A6E /* Sources */ = {
			isa = PBXSourcesBuildPhase;
			buildActionMask = 2147483647;
			files = (
				7741F3F4258E03AC001D7A6E /* Kesikaran_TypistUITests.swift in Sources */,
			);
			runOnlyForDeploymentPostprocessing = 0;
		};
/* End PBXSourcesBuildPhase section */

/* Begin PBXTargetDependency section */
		7741F3E6258E03AC001D7A6E /* PBXTargetDependency */ = {
			isa = PBXTargetDependency;
			target = 7741F3D1258E03AB001D7A6E /* Kesikaran_Typist */;
			targetProxy = 7741F3E5258E03AC001D7A6E /* PBXContainerItemProxy */;
		};
		7741F3F1258E03AC001D7A6E /* PBXTargetDependency */ = {
			isa = PBXTargetDependency;
			target = 7741F3D1258E03AB001D7A6E /* Kesikaran_Typist */;
			targetProxy = 7741F3F0258E03AC001D7A6E /* PBXContainerItemProxy */;
		};
/* End PBXTargetDependency section */

/* Begin PBXVariantGroup section */
		7741F3DB258E03AC001D7A6E /* Main.storyboard */ = {
			isa = PBXVariantGroup;
			children = (
				7741F3DC258E03AC001D7A6E /* Base */,
			);
			name = Main.storyboard;
			sourceTree = "<group>";
		};
/* End PBXVariantGroup section */

/* Begin XCBuildConfiguration section */
		7741F3F6258E03AC001D7A6E /* Debug */ = {
			isa = XCBuildConfiguration;
			buildSettings = {
				ALWAYS_SEARCH_USER_PATHS = NO;
				CLANG_ANALYZER_NONNULL = YES;
				CLANG_ANALYZER_NUMBER_OBJECT_CONVERSION = YES_AGGRESSIVE;
				CLANG_CXX_LANGUAGE_STANDARD = "gnu++14";
				CLANG_CXX_LIBRARY = "libc++";
				CLANG_ENABLE_MODULES = YES;
				CLANG_ENABLE_OBJC_ARC = YES;
				CLANG_ENABLE_OBJC_WEAK = YES;
				CLANG_WARN_BLOCK_CAPTURE_AUTORELEASING = YES;
				CLANG_WARN_BOOL_CONVERSION = YES;
				CLANG_WARN_COMMA = YES;
				CLANG_WARN_CONSTANT_CONVERSION = YES;
				CLANG_WARN_DEPRECATED_OBJC_IMPLEMENTATIONS = YES;
				CLANG_WARN_DIRECT_OBJC_ISA_USAGE = YES_ERROR;
				CLANG_WARN_DOCUMENTATION_COMMENTS = YES;
				CLANG_WARN_EMPTY_BODY = YES;
				CLANG_WARN_ENUM_CONVERSION = YES;
				CLANG_WARN_INFINITE_RECURSION = YES;
				CLANG_WARN_INT_CONVERSION = YES;
				CLANG_WARN_NON_LITERAL_NULL_CONVERSION = YES;
				CLANG_WARN_OBJC_IMPLICIT_RETAIN_SELF = YES;
				CLANG_WARN_OBJC_LITERAL_CONVERSION = YES;
				CLANG_WARN_OBJC_ROOT_CLASS = YES_ERROR;
				CLANG_WARN_QUOTED_INCLUDE_IN_FRAMEWORK_HEADER = YES;
				CLANG_WARN_RANGE_LOOP_ANALYSIS = YES;
				CLANG_WARN_STRICT_PROTOTYPES = YES;
				CLANG_WARN_SUSPICIOUS_MOVE = YES;
				CLANG_WARN_UNGUARDED_AVAILABILITY = YES_AGGRESSIVE;
				CLANG_WARN_UNREACHABLE_CODE = YES;
				CLANG_WARN__DUPLICATE_METHOD_MATCH = YES;
				COPY_PHASE_STRIP = NO;
				DEBUG_INFORMATION_FORMAT = dwarf;
				ENABLE_STRICT_OBJC_MSGSEND = YES;
				ENABLE_TESTABILITY = YES;
				GCC_C_LANGUAGE_STANDARD = gnu11;
				GCC_DYNAMIC_NO_PIC = NO;
				GCC_NO_COMMON_BLOCKS = YES;
				GCC_OPTIMIZATION_LEVEL = 0;
				GCC_PREPROCESSOR_DEFINITIONS = (
					"DEBUG=1",
					"$(inherited)",
				);
				GCC_WARN_64_TO_32_BIT_CONVERSION = YES;
				GCC_WARN_ABOUT_RETURN_TYPE = YES_ERROR;
				GCC_WARN_UNDECLARED_SELECTOR = YES;
				GCC_WARN_UNINITIALIZED_AUTOS = YES_AGGRESSIVE;
				GCC_WARN_UNUSED_FUNCTION = YES;
				GCC_WARN_UNUSED_VARIABLE = YES;
				MACOSX_DEPLOYMENT_TARGET = 11.1;
				MTL_ENABLE_DEBUG_INFO = INCLUDE_SOURCE;
				MTL_FAST_MATH = YES;
				ONLY_ACTIVE_ARCH = YES;
				SDKROOT = macosx;
				SWIFT_ACTIVE_COMPILATION_CONDITIONS = DEBUG;
				SWIFT_OPTIMIZATION_LEVEL = "-Onone";
			};
			name = Debug;
		};
		7741F3F7258E03AC001D7A6E /* Release */ = {
			isa = XCBuildConfiguration;
			buildSettings = {
				ALWAYS_SEARCH_USER_PATHS = NO;
				CLANG_ANALYZER_NONNULL = YES;
				CLANG_ANALYZER_NUMBER_OBJECT_CONVERSION = YES_AGGRESSIVE;
				CLANG_CXX_LANGUAGE_STANDARD = "gnu++14";
				CLANG_CXX_LIBRARY = "libc++";
				CLANG_ENABLE_MODULES = YES;
				CLANG_ENABLE_OBJC_ARC = YES;
				CLANG_ENABLE_OBJC_WEAK = YES;
				CLANG_WARN_BLOCK_CAPTURE_AUTORELEASING = YES;
				CLANG_WARN_BOOL_CONVERSION = YES;
				CLANG_WARN_COMMA = YES;
				CLANG_WARN_CONSTANT_CONVERSION = YES;
				CLANG_WARN_DEPRECATED_OBJC_IMPLEMENTATIONS = YES;
				CLANG_WARN_DIRECT_OBJC_ISA_USAGE = YES_ERROR;
				CLANG_WARN_DOCUMENTATION_COMMENTS = YES;
				CLANG_WARN_EMPTY_BODY = YES;
				CLANG_WARN_ENUM_CONVERSION = YES;
				CLANG_WARN_INFINITE_RECURSION = YES;
				CLANG_WARN_INT_CONVERSION = YES;
				CLANG_WARN_NON_LITERAL_NULL_CONVERSION = YES;
				CLANG_WARN_OBJC_IMPLICIT_RETAIN_SELF = YES;
				CLANG_WARN_OBJC_LITERAL_CONVERSION = YES;
				CLANG_WARN_OBJC_ROOT_CLASS = YES_ERROR;
				CLANG_WARN_QUOTED_INCLUDE_IN_FRAMEWORK_HEADER = YES;
				CLANG_WARN_RANGE_LOOP_ANALYSIS = YES;
				CLANG_WARN_STRICT_PROTOTYPES = YES;
				CLANG_WARN_SUSPICIOUS_MOVE = YES;
				CLANG_WARN_UNGUARDED_AVAILABILITY = YES_AGGRESSIVE;
				CLANG_WARN_UNREACHABLE_CODE = YES;
				CLANG_WARN__DUPLICATE_METHOD_MATCH = YES;
				COPY_PHASE_STRIP = NO;
				DEBUG_INFORMATION_FORMAT = "dwarf-with-dsym";
				ENABLE_NS_ASSERTIONS = NO;
				ENABLE_STRICT_OBJC_MSGSEND = YES;
				GCC_C_LANGUAGE_STANDARD = gnu11;
				GCC_NO_COMMON_BLOCKS = YES;
				GCC_WARN_64_TO_32_BIT_CONVERSION = YES;
				GCC_WARN_ABOUT_RETURN_TYPE = YES_ERROR;
				GCC_WARN_UNDECLARED_SELECTOR = YES;
				GCC_WARN_UNINITIALIZED_AUTOS = YES_AGGRESSIVE;
				GCC_WARN_UNUSED_FUNCTION = YES;
				GCC_WARN_UNUSED_VARIABLE = YES;
				MACOSX_DEPLOYMENT_TARGET = 11.1;
				MTL_ENABLE_DEBUG_INFO = NO;
				MTL_FAST_MATH = YES;
				SDKROOT = macosx;
				SWIFT_COMPILATION_MODE = wholemodule;
				SWIFT_OPTIMIZATION_LEVEL = "-O";
			};
			name = Release;
		};
		7741F3F9258E03AC001D7A6E /* Debug */ = {
			isa = XCBuildConfiguration;
			buildSettings = {
				ASSETCATALOG_COMPILER_APPICON_NAME = AppIcon;
				ASSETCATALOG_COMPILER_GLOBAL_ACCENT_COLOR_NAME = AccentColor;
				CODE_SIGN_ENTITLEMENTS = Kesikaran_Typist/Kesikaran_Typist.entitlements;
				CODE_SIGN_IDENTITY = "-";
				CODE_SIGN_STYLE = Automatic;
				COMBINE_HIDPI_IMAGES = YES;
				DEVELOPMENT_TEAM = 56GR6UHHW3;
				ENABLE_HARDENED_RUNTIME = YES;
				INFOPLIST_FILE = Kesikaran_Typist/Info.plist;
				LD_RUNPATH_SEARCH_PATHS = (
					"$(inherited)",
					"@executable_path/../Frameworks",
				);
				MARKETING_VERSION = 0.1.0;
				PRODUCT_BUNDLE_IDENTIFIER = "com.tomiylab.Kesikaran-Typist";
				PRODUCT_NAME = "$(TARGET_NAME)";
				SWIFT_VERSION = 5.0;
			};
			name = Debug;
		};
		7741F3FA258E03AC001D7A6E /* Release */ = {
			isa = XCBuildConfiguration;
			buildSettings = {
				ASSETCATALOG_COMPILER_APPICON_NAME = AppIcon;
				ASSETCATALOG_COMPILER_GLOBAL_ACCENT_COLOR_NAME = AccentColor;
				CODE_SIGN_ENTITLEMENTS = Kesikaran_Typist/Kesikaran_Typist.entitlements;
				CODE_SIGN_IDENTITY = "-";
				CODE_SIGN_STYLE = Automatic;
				COMBINE_HIDPI_IMAGES = YES;
				DEVELOPMENT_TEAM = 56GR6UHHW3;
				ENABLE_HARDENED_RUNTIME = YES;
				INFOPLIST_FILE = Kesikaran_Typist/Info.plist;
				LD_RUNPATH_SEARCH_PATHS = (
					"$(inherited)",
					"@executable_path/../Frameworks",
				);
				MARKETING_VERSION = 0.1.0;
				PRODUCT_BUNDLE_IDENTIFIER = "com.tomiylab.Kesikaran-Typist";
				PRODUCT_NAME = "$(TARGET_NAME)";
				SWIFT_VERSION = 5.0;
			};
			name = Release;
		};
		7741F3FC258E03AC001D7A6E /* Debug */ = {
			isa = XCBuildConfiguration;
			buildSettings = {
				ALWAYS_EMBED_SWIFT_STANDARD_LIBRARIES = YES;
				BUNDLE_LOADER = "$(TEST_HOST)";
				CODE_SIGN_STYLE = Automatic;
				COMBINE_HIDPI_IMAGES = YES;
				DEVELOPMENT_TEAM = 56GR6UHHW3;
				INFOPLIST_FILE = Kesikaran_TypistTests/Info.plist;
				LD_RUNPATH_SEARCH_PATHS = (
					"$(inherited)",
					"@executable_path/../Frameworks",
					"@loader_path/../Frameworks",
				);
				MACOSX_DEPLOYMENT_TARGET = 11.1;
				PRODUCT_BUNDLE_IDENTIFIER = "com.tomiylab.Kesikaran-TypistTests";
				PRODUCT_NAME = "$(TARGET_NAME)";
				SWIFT_VERSION = 5.0;
				TEST_HOST = "$(BUILT_PRODUCTS_DIR)/Kesikaran_Typist.app/Contents/MacOS/Kesikaran_Typist";
			};
			name = Debug;
		};
		7741F3FD258E03AC001D7A6E /* Release */ = {
			isa = XCBuildConfiguration;
			buildSettings = {
				ALWAYS_EMBED_SWIFT_STANDARD_LIBRARIES = YES;
				BUNDLE_LOADER = "$(TEST_HOST)";
				CODE_SIGN_STYLE = Automatic;
				COMBINE_HIDPI_IMAGES = YES;
				DEVELOPMENT_TEAM = 56GR6UHHW3;
				INFOPLIST_FILE = Kesikaran_TypistTests/Info.plist;
				LD_RUNPATH_SEARCH_PATHS = (
					"$(inherited)",
					"@executable_path/../Frameworks",
					"@loader_path/../Frameworks",
				);
				MACOSX_DEPLOYMENT_TARGET = 11.1;
				PRODUCT_BUNDLE_IDENTIFIER = "com.tomiylab.Kesikaran-TypistTests";
				PRODUCT_NAME = "$(TARGET_NAME)";
				SWIFT_VERSION = 5.0;
				TEST_HOST = "$(BUILT_PRODUCTS_DIR)/Kesikaran_Typist.app/Contents/MacOS/Kesikaran_Typist";
			};
			name = Release;
		};
		7741F3FF258E03AC001D7A6E /* Debug */ = {
			isa = XCBuildConfiguration;
			buildSettings = {
				ALWAYS_EMBED_SWIFT_STANDARD_LIBRARIES = YES;
				CODE_SIGN_STYLE = Automatic;
				COMBINE_HIDPI_IMAGES = YES;
				DEVELOPMENT_TEAM = 56GR6UHHW3;
				INFOPLIST_FILE = Kesikaran_TypistUITests/Info.plist;
				LD_RUNPATH_SEARCH_PATHS = (
					"$(inherited)",
					"@executable_path/../Frameworks",
					"@loader_path/../Frameworks",
				);
				PRODUCT_BUNDLE_IDENTIFIER = "com.tomiylab.Kesikaran-TypistUITests";
				PRODUCT_NAME = "$(TARGET_NAME)";
				SWIFT_VERSION = 5.0;
				TEST_TARGET_NAME = Kesikaran_Typist;
			};
			name = Debug;
		};
		7741F400258E03AC001D7A6E /* Release */ = {
			isa = XCBuildConfiguration;
			buildSettings = {
				ALWAYS_EMBED_SWIFT_STANDARD_LIBRARIES = YES;
				CODE_SIGN_STYLE = Automatic;
				COMBINE_HIDPI_IMAGES = YES;
				DEVELOPMENT_TEAM = 56GR6UHHW3;
				INFOPLIST_FILE = Kesikaran_TypistUITests/Info.plist;
				LD_RUNPATH_SEARCH_PATHS = (
					"$(inherited)",
					"@executable_path/../Frameworks",
					"@loader_path/../Frameworks",
				);
				PRODUCT_BUNDLE_IDENTIFIER = "com.tomiylab.Kesikaran-TypistUITests";
				PRODUCT_NAME = "$(TARGET_NAME)";
				SWIFT_VERSION = 5.0;
				TEST_TARGET_NAME = Kesikaran_Typist;
			};
			name = Release;
		};
/* End XCBuildConfiguration section */

/* Begin XCConfigurationList section */
		7741F3CD258E03AB001D7A6E /* Build configuration list for PBXProject "Kesikaran_Typist" */ = {
			isa = XCConfigurationList;
			buildConfigurations = (
				7741F3F6258E03AC001D7A6E /* Debug */,
				7741F3F7258E03AC001D7A6E /* Release */,
			);
			defaultConfigurationIsVisible = 0;
			defaultConfigurationName = Release;
		};
		7741F3F8258E03AC001D7A6E /* Build configuration list for PBXNativeTarget "Kesikaran_Typist" */ = {
			isa = XCConfigurationList;
			buildConfigurations = (
				7741F3F9258E03AC001D7A6E /* Debug */,
				7741F3FA258E03AC001D7A6E /* Release */,
			);
			defaultConfigurationIsVisible = 0;
			defaultConfigurationName = Release;
		};
		7741F3FB258E03AC001D7A6E /* Build configuration list for PBXNativeTarget "Kesikaran_TypistTests" */ = {
			isa = XCConfigurationList;
			buildConfigurations = (
				7741F3FC258E03AC001D7A6E /* Debug */,
				7741F3FD258E03AC001D7A6E /* Release */,
			);
			defaultConfigurationIsVisible = 0;
			defaultConfigurationName = Release;
		};
		7741F3FE258E03AC001D7A6E /* Build configuration list for PBXNativeTarget "Kesikaran_TypistUITests" */ = {
			isa = XCConfigurationList;
			buildConfigurations = (
				7741F3FF258E03AC001D7A6E /* Debug */,
				7741F400258E03AC001D7A6E /* Release */,
			);
			defaultConfigurationIsVisible = 0;
			defaultConfigurationName = Release;
		};
/* End XCConfigurationList section */
	};
	rootObject = 7741F3CA258E03AB001D7A6E /* Project object */;
}
